<?xml version="1.0" encoding="UTF-8"?>
<CodeBlocks_project_file>
	<FileVersion major="1" minor="6"/>
	<Project>
		<Option title="TestOpenCV"/>
		<Option makefile_is_custom="1"/>
		<Option compiler="gcc"/>
		<Option virtualFolders="CMake Files\;CMake Files\cppkafka\;CMake Files\cppkafka\cmake\;CMake Files\cppkafka\src\;CMake Files\cppkafka\include\;CMake Files\cppkafka\include\cppkafka\;CMake Files\cppkafka\examples\;CMake Files\..\;CMake Files\..\..\;CMake Files\..\..\..\;CMake Files\..\..\..\..\;CMake Files\..\..\..\..\usr\;CMake Files\..\..\..\..\usr\lib\;CMake Files\..\..\..\..\usr\lib\x86_64-linux-gnu\;CMake Files\..\..\..\..\usr\lib\x86_64-linux-gnu\cmake\;CMake Files\..\..\..\..\usr\lib\x86_64-linux-gnu\cmake\Boost-1.74.0\;CMake Files\..\..\..\..\usr\lib\x86_64-linux-gnu\cmake\boost_headers-1.74.0\;CMake Files\..\..\..\..\usr\lib\x86_64-linux-gnu\cmake\boost_program_options-1.74.0\;CMake Files\..\..\..\..\usr\local\;CMake Files\..\..\..\..\usr\local\lib\;CMake Files\..\..\..\..\usr\local\lib\cmake\;CMake Files\..\..\..\..\usr\local\lib\cmake\opencv4\;"/>
		<Build>
			<Target title="all">
				<Option working_dir="/home/linhdv/CLionProjects/TestOpenCV"/>
				<Option type="4"/>
				<MakeCommands>
					<Build command="/usr/bin/gmake -f &quot;/home/linhdv/CLionProjects/TestOpenCV/Makefile&quot;  VERBOSE=1 all"/>
					<CompileFile command="/usr/bin/gmake -f &quot;/home/linhdv/CLionProjects/TestOpenCV/Makefile&quot;  VERBOSE=1 &quot;$file&quot;"/>
					<Clean command="/usr/bin/gmake -f &quot;/home/linhdv/CLionProjects/TestOpenCV/Makefile&quot;  VERBOSE=1 clean"/>
					<DistClean command="/usr/bin/gmake -f &quot;/home/linhdv/CLionProjects/TestOpenCV/Makefile&quot;  VERBOSE=1 clean"/>
				</MakeCommands>
			</Target>
			<Target title="install/strip">
				<Option working_dir="/home/linhdv/CLionProjects/TestOpenCV"/>
				<Option type="4"/>
				<MakeCommands>
					<Build command="/usr/bin/gmake -f &quot;/home/linhdv/CLionProjects/TestOpenCV/Makefile&quot;  VERBOSE=1 install/strip"/>
					<CompileFile command="/usr/bin/gmake -f &quot;/home/linhdv/CLionProjects/TestOpenCV/Makefile&quot;  VERBOSE=1 &quot;$file&quot;"/>
					<Clean command="/usr/bin/gmake -f &quot;/home/linhdv/CLionProjects/TestOpenCV/Makefile&quot;  VERBOSE=1 clean"/>
					<DistClean command="/usr/bin/gmake -f &quot;/home/linhdv/CLionProjects/TestOpenCV/Makefile&quot;  VERBOSE=1 clean"/>
				</MakeCommands>
			</Target>
			<Target title="install/local">
				<Option working_dir="/home/linhdv/CLionProjects/TestOpenCV"/>
				<Option type="4"/>
				<MakeCommands>
					<Build command="/usr/bin/gmake -f &quot;/home/linhdv/CLionProjects/TestOpenCV/Makefile&quot;  VERBOSE=1 install/local"/>
					<CompileFile command="/usr/bin/gmake -f &quot;/home/linhdv/CLionProjects/TestOpenCV/Makefile&quot;  VERBOSE=1 &quot;$file&quot;"/>
					<Clean command="/usr/bin/gmake -f &quot;/home/linhdv/CLionProjects/TestOpenCV/Makefile&quot;  VERBOSE=1 clean"/>
					<DistClean command="/usr/bin/gmake -f &quot;/home/linhdv/CLionProjects/TestOpenCV/Makefile&quot;  VERBOSE=1 clean"/>
				</MakeCommands>
			</Target>
			<Target title="TestOpenCV">
				<Option output="/home/linhdv/CLionProjects/TestOpenCV/TestOpenCV" prefix_auto="0" extension_auto="0"/>
				<Option working_dir="/home/linhdv/CLionProjects/TestOpenCV"/>
				<Option object_output="./"/>
				<Option type="1"/>
				<Option compiler="gcc"/>
				<Compiler>
					<Add option="-DBOOST_ALL_NO_LIB"/>
					<Add directory="/home/linhdv/CLionProjects/TestOpenCV/cppkafka/src/../include/cppkafka"/>
					<Add directory="/usr/local/include/opencv4"/>
				</Compiler>
				<MakeCommands>
					<Build command="/usr/bin/gmake -f &quot;/home/linhdv/CLionProjects/TestOpenCV/Makefile&quot;  VERBOSE=1 TestOpenCV"/>
					<CompileFile command="/usr/bin/gmake -f &quot;/home/linhdv/CLionProjects/TestOpenCV/Makefile&quot;  VERBOSE=1 &quot;$file&quot;"/>
					<Clean command="/usr/bin/gmake -f &quot;/home/linhdv/CLionProjects/TestOpenCV/Makefile&quot;  VERBOSE=1 clean"/>
					<DistClean command="/usr/bin/gmake -f &quot;/home/linhdv/CLionProjects/TestOpenCV/Makefile&quot;  VERBOSE=1 clean"/>
				</MakeCommands>
			</Target>
			<Target title="TestOpenCV/fast">
				<Option output="/home/linhdv/CLionProjects/TestOpenCV/TestOpenCV" prefix_auto="0" extension_auto="0"/>
				<Option working_dir="/home/linhdv/CLionProjects/TestOpenCV"/>
				<Option object_output="./"/>
				<Option type="1"/>
				<Option compiler="gcc"/>
				<Compiler>
					<Add option="-DBOOST_ALL_NO_LIB"/>
					<Add directory="/home/linhdv/CLionProjects/TestOpenCV/cppkafka/src/../include/cppkafka"/>
					<Add directory="/usr/local/include/opencv4"/>
				</Compiler>
				<MakeCommands>
					<Build command="/usr/bin/gmake -f &quot;/home/linhdv/CLionProjects/TestOpenCV/Makefile&quot;  VERBOSE=1 TestOpenCV/fast"/>
					<CompileFile command="/usr/bin/gmake -f &quot;/home/linhdv/CLionProjects/TestOpenCV/Makefile&quot;  VERBOSE=1 &quot;$file&quot;"/>
					<Clean command="/usr/bin/gmake -f &quot;/home/linhdv/CLionProjects/TestOpenCV/Makefile&quot;  VERBOSE=1 clean"/>
					<DistClean command="/usr/bin/gmake -f &quot;/home/linhdv/CLionProjects/TestOpenCV/Makefile&quot;  VERBOSE=1 clean"/>
				</MakeCommands>
			</Target>
			<Target title="edit_cache">
				<Option working_dir="/home/linhdv/CLionProjects/TestOpenCV"/>
				<Option type="4"/>
				<MakeCommands>
					<Build command="/usr/bin/gmake -f &quot;/home/linhdv/CLionProjects/TestOpenCV/Makefile&quot;  VERBOSE=1 edit_cache"/>
					<CompileFile command="/usr/bin/gmake -f &quot;/home/linhdv/CLionProjects/TestOpenCV/Makefile&quot;  VERBOSE=1 &quot;$file&quot;"/>
					<Clean command="/usr/bin/gmake -f &quot;/home/linhdv/CLionProjects/TestOpenCV/Makefile&quot;  VERBOSE=1 clean"/>
					<DistClean command="/usr/bin/gmake -f &quot;/home/linhdv/CLionProjects/TestOpenCV/Makefile&quot;  VERBOSE=1 clean"/>
				</MakeCommands>
			</Target>
			<Target title="rebuild_cache">
				<Option working_dir="/home/linhdv/CLionProjects/TestOpenCV"/>
				<Option type="4"/>
				<MakeCommands>
					<Build command="/usr/bin/gmake -f &quot;/home/linhdv/CLionProjects/TestOpenCV/Makefile&quot;  VERBOSE=1 rebuild_cache"/>
					<CompileFile command="/usr/bin/gmake -f &quot;/home/linhdv/CLionProjects/TestOpenCV/Makefile&quot;  VERBOSE=1 &quot;$file&quot;"/>
					<Clean command="/usr/bin/gmake -f &quot;/home/linhdv/CLionProjects/TestOpenCV/Makefile&quot;  VERBOSE=1 clean"/>
					<DistClean command="/usr/bin/gmake -f &quot;/home/linhdv/CLionProjects/TestOpenCV/Makefile&quot;  VERBOSE=1 clean"/>
				</MakeCommands>
			</Target>
			<Target title="install">
				<Option working_dir="/home/linhdv/CLionProjects/TestOpenCV"/>
				<Option type="4"/>
				<MakeCommands>
					<Build command="/usr/bin/gmake -f &quot;/home/linhdv/CLionProjects/TestOpenCV/Makefile&quot;  VERBOSE=1 install"/>
					<CompileFile command="/usr/bin/gmake -f &quot;/home/linhdv/CLionProjects/TestOpenCV/Makefile&quot;  VERBOSE=1 &quot;$file&quot;"/>
					<Clean command="/usr/bin/gmake -f &quot;/home/linhdv/CLionProjects/TestOpenCV/Makefile&quot;  VERBOSE=1 clean"/>
					<DistClean command="/usr/bin/gmake -f &quot;/home/linhdv/CLionProjects/TestOpenCV/Makefile&quot;  VERBOSE=1 clean"/>
				</MakeCommands>
			</Target>
			<Target title="list_install_components">
				<Option working_dir="/home/linhdv/CLionProjects/TestOpenCV"/>
				<Option type="4"/>
				<MakeCommands>
					<Build command="/usr/bin/gmake -f &quot;/home/linhdv/CLionProjects/TestOpenCV/Makefile&quot;  VERBOSE=1 list_install_components"/>
					<CompileFile command="/usr/bin/gmake -f &quot;/home/linhdv/CLionProjects/TestOpenCV/Makefile&quot;  VERBOSE=1 &quot;$file&quot;"/>
					<Clean command="/usr/bin/gmake -f &quot;/home/linhdv/CLionProjects/TestOpenCV/Makefile&quot;  VERBOSE=1 clean"/>
					<DistClean command="/usr/bin/gmake -f &quot;/home/linhdv/CLionProjects/TestOpenCV/Makefile&quot;  VERBOSE=1 clean"/>
				</MakeCommands>
			</Target>
			<Target title="uninstall">
				<Option working_dir="/home/linhdv/CLionProjects/TestOpenCV/cppkafka"/>
				<Option type="4"/>
				<MakeCommands>
					<Build command="/usr/bin/gmake -f &quot;/home/linhdv/CLionProjects/TestOpenCV/cppkafka/Makefile&quot;  VERBOSE=1 uninstall"/>
					<CompileFile command="/usr/bin/gmake -f &quot;/home/linhdv/CLionProjects/TestOpenCV/cppkafka/Makefile&quot;  VERBOSE=1 &quot;$file&quot;"/>
					<Clean command="/usr/bin/gmake -f &quot;/home/linhdv/CLionProjects/TestOpenCV/cppkafka/Makefile&quot;  VERBOSE=1 clean"/>
					<DistClean command="/usr/bin/gmake -f &quot;/home/linhdv/CLionProjects/TestOpenCV/cppkafka/Makefile&quot;  VERBOSE=1 clean"/>
				</MakeCommands>
			</Target>
			<Target title="cppkafka">
				<Option output="/home/linhdv/CLionProjects/TestOpenCV/cppkafka/src/lib/libcppkafka.so" prefix_auto="0" extension_auto="0"/>
				<Option working_dir="/home/linhdv/CLionProjects/TestOpenCV/cppkafka/src"/>
				<Option object_output="./"/>
				<Option type="3"/>
				<Option compiler="gcc"/>
				<Compiler>
					<Add option="-DBOOST_ALL_NO_LIB"/>
					<Add directory="/usr/local/include/opencv4"/>
					<Add directory="/home/linhdv/CLionProjects/TestOpenCV/cppkafka/src/../include/cppkafka"/>
				</Compiler>
				<MakeCommands>
					<Build command="/usr/bin/gmake -f &quot;/home/linhdv/CLionProjects/TestOpenCV/cppkafka/src/Makefile&quot;  VERBOSE=1 cppkafka"/>
					<CompileFile command="/usr/bin/gmake -f &quot;/home/linhdv/CLionProjects/TestOpenCV/cppkafka/src/Makefile&quot;  VERBOSE=1 &quot;$file&quot;"/>
					<Clean command="/usr/bin/gmake -f &quot;/home/linhdv/CLionProjects/TestOpenCV/cppkafka/src/Makefile&quot;  VERBOSE=1 clean"/>
					<DistClean command="/usr/bin/gmake -f &quot;/home/linhdv/CLionProjects/TestOpenCV/cppkafka/src/Makefile&quot;  VERBOSE=1 clean"/>
				</MakeCommands>
			</Target>
			<Target title="cppkafka/fast">
				<Option output="/home/linhdv/CLionProjects/TestOpenCV/cppkafka/src/lib/libcppkafka.so" prefix_auto="0" extension_auto="0"/>
				<Option working_dir="/home/linhdv/CLionProjects/TestOpenCV/cppkafka/src"/>
				<Option object_output="./"/>
				<Option type="3"/>
				<Option compiler="gcc"/>
				<Compiler>
					<Add option="-DBOOST_ALL_NO_LIB"/>
					<Add directory="/usr/local/include/opencv4"/>
					<Add directory="/home/linhdv/CLionProjects/TestOpenCV/cppkafka/src/../include/cppkafka"/>
				</Compiler>
				<MakeCommands>
					<Build command="/usr/bin/gmake -f &quot;/home/linhdv/CLionProjects/TestOpenCV/cppkafka/src/Makefile&quot;  VERBOSE=1 cppkafka/fast"/>
					<CompileFile command="/usr/bin/gmake -f &quot;/home/linhdv/CLionProjects/TestOpenCV/cppkafka/src/Makefile&quot;  VERBOSE=1 &quot;$file&quot;"/>
					<Clean command="/usr/bin/gmake -f &quot;/home/linhdv/CLionProjects/TestOpenCV/cppkafka/src/Makefile&quot;  VERBOSE=1 clean"/>
					<DistClean command="/usr/bin/gmake -f &quot;/home/linhdv/CLionProjects/TestOpenCV/cppkafka/src/Makefile&quot;  VERBOSE=1 clean"/>
				</MakeCommands>
			</Target>
			<Target title="consumer">
				<Option output="/home/linhdv/CLionProjects/TestOpenCV/cppkafka/examples/consumer" prefix_auto="0" extension_auto="0"/>
				<Option working_dir="/home/linhdv/CLionProjects/TestOpenCV/cppkafka/examples"/>
				<Option object_output="./"/>
				<Option type="1"/>
				<Option compiler="gcc"/>
				<Compiler>
					<Add option="-DBOOST_ALL_NO_LIB"/>
					<Add option="-DBOOST_PROGRAM_OPTIONS_DYN_LINK"/>
					<Add directory="/usr/local/include/opencv4"/>
					<Add directory="/home/linhdv/CLionProjects/TestOpenCV/cppkafka/examples/../include"/>
					<Add directory="/home/linhdv/CLionProjects/TestOpenCV/cppkafka/src/../include/cppkafka"/>
				</Compiler>
				<MakeCommands>
					<Build command="/usr/bin/gmake -f &quot;/home/linhdv/CLionProjects/TestOpenCV/cppkafka/examples/Makefile&quot;  VERBOSE=1 consumer"/>
					<CompileFile command="/usr/bin/gmake -f &quot;/home/linhdv/CLionProjects/TestOpenCV/cppkafka/examples/Makefile&quot;  VERBOSE=1 &quot;$file&quot;"/>
					<Clean command="/usr/bin/gmake -f &quot;/home/linhdv/CLionProjects/TestOpenCV/cppkafka/examples/Makefile&quot;  VERBOSE=1 clean"/>
					<DistClean command="/usr/bin/gmake -f &quot;/home/linhdv/CLionProjects/TestOpenCV/cppkafka/examples/Makefile&quot;  VERBOSE=1 clean"/>
				</MakeCommands>
			</Target>
			<Target title="consumer/fast">
				<Option output="/home/linhdv/CLionProjects/TestOpenCV/cppkafka/examples/consumer" prefix_auto="0" extension_auto="0"/>
				<Option working_dir="/home/linhdv/CLionProjects/TestOpenCV/cppkafka/examples"/>
				<Option object_output="./"/>
				<Option type="1"/>
				<Option compiler="gcc"/>
				<Compiler>
					<Add option="-DBOOST_ALL_NO_LIB"/>
					<Add option="-DBOOST_PROGRAM_OPTIONS_DYN_LINK"/>
					<Add directory="/usr/local/include/opencv4"/>
					<Add directory="/home/linhdv/CLionProjects/TestOpenCV/cppkafka/examples/../include"/>
					<Add directory="/home/linhdv/CLionProjects/TestOpenCV/cppkafka/src/../include/cppkafka"/>
				</Compiler>
				<MakeCommands>
					<Build command="/usr/bin/gmake -f &quot;/home/linhdv/CLionProjects/TestOpenCV/cppkafka/examples/Makefile&quot;  VERBOSE=1 consumer/fast"/>
					<CompileFile command="/usr/bin/gmake -f &quot;/home/linhdv/CLionProjects/TestOpenCV/cppkafka/examples/Makefile&quot;  VERBOSE=1 &quot;$file&quot;"/>
					<Clean command="/usr/bin/gmake -f &quot;/home/linhdv/CLionProjects/TestOpenCV/cppkafka/examples/Makefile&quot;  VERBOSE=1 clean"/>
					<DistClean command="/usr/bin/gmake -f &quot;/home/linhdv/CLionProjects/TestOpenCV/cppkafka/examples/Makefile&quot;  VERBOSE=1 clean"/>
				</MakeCommands>
			</Target>
			<Target title="buffered-producer">
				<Option output="/home/linhdv/CLionProjects/TestOpenCV/cppkafka/examples/buffered-producer" prefix_auto="0" extension_auto="0"/>
				<Option working_dir="/home/linhdv/CLionProjects/TestOpenCV/cppkafka/examples"/>
				<Option object_output="./"/>
				<Option type="1"/>
				<Option compiler="gcc"/>
				<Compiler>
					<Add option="-DBOOST_ALL_NO_LIB"/>
					<Add option="-DBOOST_PROGRAM_OPTIONS_DYN_LINK"/>
					<Add directory="/usr/local/include/opencv4"/>
					<Add directory="/home/linhdv/CLionProjects/TestOpenCV/cppkafka/examples/../include"/>
					<Add directory="/home/linhdv/CLionProjects/TestOpenCV/cppkafka/src/../include/cppkafka"/>
				</Compiler>
				<MakeCommands>
					<Build command="/usr/bin/gmake -f &quot;/home/linhdv/CLionProjects/TestOpenCV/cppkafka/examples/Makefile&quot;  VERBOSE=1 buffered-producer"/>
					<CompileFile command="/usr/bin/gmake -f &quot;/home/linhdv/CLionProjects/TestOpenCV/cppkafka/examples/Makefile&quot;  VERBOSE=1 &quot;$file&quot;"/>
					<Clean command="/usr/bin/gmake -f &quot;/home/linhdv/CLionProjects/TestOpenCV/cppkafka/examples/Makefile&quot;  VERBOSE=1 clean"/>
					<DistClean command="/usr/bin/gmake -f &quot;/home/linhdv/CLionProjects/TestOpenCV/cppkafka/examples/Makefile&quot;  VERBOSE=1 clean"/>
				</MakeCommands>
			</Target>
			<Target title="buffered-producer/fast">
				<Option output="/home/linhdv/CLionProjects/TestOpenCV/cppkafka/examples/buffered-producer" prefix_auto="0" extension_auto="0"/>
				<Option working_dir="/home/linhdv/CLionProjects/TestOpenCV/cppkafka/examples"/>
				<Option object_output="./"/>
				<Option type="1"/>
				<Option compiler="gcc"/>
				<Compiler>
					<Add option="-DBOOST_ALL_NO_LIB"/>
					<Add option="-DBOOST_PROGRAM_OPTIONS_DYN_LINK"/>
					<Add directory="/usr/local/include/opencv4"/>
					<Add directory="/home/linhdv/CLionProjects/TestOpenCV/cppkafka/examples/../include"/>
					<Add directory="/home/linhdv/CLionProjects/TestOpenCV/cppkafka/src/../include/cppkafka"/>
				</Compiler>
				<MakeCommands>
					<Build command="/usr/bin/gmake -f &quot;/home/linhdv/CLionProjects/TestOpenCV/cppkafka/examples/Makefile&quot;  VERBOSE=1 buffered-producer/fast"/>
					<CompileFile command="/usr/bin/gmake -f &quot;/home/linhdv/CLionProjects/TestOpenCV/cppkafka/examples/Makefile&quot;  VERBOSE=1 &quot;$file&quot;"/>
					<Clean command="/usr/bin/gmake -f &quot;/home/linhdv/CLionProjects/TestOpenCV/cppkafka/examples/Makefile&quot;  VERBOSE=1 clean"/>
					<DistClean command="/usr/bin/gmake -f &quot;/home/linhdv/CLionProjects/TestOpenCV/cppkafka/examples/Makefile&quot;  VERBOSE=1 clean"/>
				</MakeCommands>
			</Target>
			<Target title="examples">
				<Option working_dir="/home/linhdv/CLionProjects/TestOpenCV/cppkafka/examples"/>
				<Option type="4"/>
				<MakeCommands>
					<Build command="/usr/bin/gmake -f &quot;/home/linhdv/CLionProjects/TestOpenCV/cppkafka/examples/Makefile&quot;  VERBOSE=1 examples"/>
					<CompileFile command="/usr/bin/gmake -f &quot;/home/linhdv/CLionProjects/TestOpenCV/cppkafka/examples/Makefile&quot;  VERBOSE=1 &quot;$file&quot;"/>
					<Clean command="/usr/bin/gmake -f &quot;/home/linhdv/CLionProjects/TestOpenCV/cppkafka/examples/Makefile&quot;  VERBOSE=1 clean"/>
					<DistClean command="/usr/bin/gmake -f &quot;/home/linhdv/CLionProjects/TestOpenCV/cppkafka/examples/Makefile&quot;  VERBOSE=1 clean"/>
				</MakeCommands>
			</Target>
			<Target title="producer">
				<Option output="/home/linhdv/CLionProjects/TestOpenCV/cppkafka/examples/producer" prefix_auto="0" extension_auto="0"/>
				<Option working_dir="/home/linhdv/CLionProjects/TestOpenCV/cppkafka/examples"/>
				<Option object_output="./"/>
				<Option type="1"/>
				<Option compiler="gcc"/>
				<Compiler>
					<Add option="-DBOOST_ALL_NO_LIB"/>
					<Add option="-DBOOST_PROGRAM_OPTIONS_DYN_LINK"/>
					<Add directory="/usr/local/include/opencv4"/>
					<Add directory="/home/linhdv/CLionProjects/TestOpenCV/cppkafka/examples/../include"/>
					<Add directory="/home/linhdv/CLionProjects/TestOpenCV/cppkafka/src/../include/cppkafka"/>
				</Compiler>
				<MakeCommands>
					<Build command="/usr/bin/gmake -f &quot;/home/linhdv/CLionProjects/TestOpenCV/cppkafka/examples/Makefile&quot;  VERBOSE=1 producer"/>
					<CompileFile command="/usr/bin/gmake -f &quot;/home/linhdv/CLionProjects/TestOpenCV/cppkafka/examples/Makefile&quot;  VERBOSE=1 &quot;$file&quot;"/>
					<Clean command="/usr/bin/gmake -f &quot;/home/linhdv/CLionProjects/TestOpenCV/cppkafka/examples/Makefile&quot;  VERBOSE=1 clean"/>
					<DistClean command="/usr/bin/gmake -f &quot;/home/linhdv/CLionProjects/TestOpenCV/cppkafka/examples/Makefile&quot;  VERBOSE=1 clean"/>
				</MakeCommands>
			</Target>
			<Target title="producer/fast">
				<Option output="/home/linhdv/CLionProjects/TestOpenCV/cppkafka/examples/producer" prefix_auto="0" extension_auto="0"/>
				<Option working_dir="/home/linhdv/CLionProjects/TestOpenCV/cppkafka/examples"/>
				<Option object_output="./"/>
				<Option type="1"/>
				<Option compiler="gcc"/>
				<Compiler>
					<Add option="-DBOOST_ALL_NO_LIB"/>
					<Add option="-DBOOST_PROGRAM_OPTIONS_DYN_LINK"/>
					<Add directory="/usr/local/include/opencv4"/>
					<Add directory="/home/linhdv/CLionProjects/TestOpenCV/cppkafka/examples/../include"/>
					<Add directory="/home/linhdv/CLionProjects/TestOpenCV/cppkafka/src/../include/cppkafka"/>
				</Compiler>
				<MakeCommands>
					<Build command="/usr/bin/gmake -f &quot;/home/linhdv/CLionProjects/TestOpenCV/cppkafka/examples/Makefile&quot;  VERBOSE=1 producer/fast"/>
					<CompileFile command="/usr/bin/gmake -f &quot;/home/linhdv/CLionProjects/TestOpenCV/cppkafka/examples/Makefile&quot;  VERBOSE=1 &quot;$file&quot;"/>
					<Clean command="/usr/bin/gmake -f &quot;/home/linhdv/CLionProjects/TestOpenCV/cppkafka/examples/Makefile&quot;  VERBOSE=1 clean"/>
					<DistClean command="/usr/bin/gmake -f &quot;/home/linhdv/CLionProjects/TestOpenCV/cppkafka/examples/Makefile&quot;  VERBOSE=1 clean"/>
				</MakeCommands>
			</Target>
			<Target title="consumer-dispatcher">
				<Option output="/home/linhdv/CLionProjects/TestOpenCV/cppkafka/examples/consumer-dispatcher" prefix_auto="0" extension_auto="0"/>
				<Option working_dir="/home/linhdv/CLionProjects/TestOpenCV/cppkafka/examples"/>
				<Option object_output="./"/>
				<Option type="1"/>
				<Option compiler="gcc"/>
				<Compiler>
					<Add option="-DBOOST_ALL_NO_LIB"/>
					<Add option="-DBOOST_PROGRAM_OPTIONS_DYN_LINK"/>
					<Add directory="/usr/local/include/opencv4"/>
					<Add directory="/home/linhdv/CLionProjects/TestOpenCV/cppkafka/examples/../include"/>
					<Add directory="/home/linhdv/CLionProjects/TestOpenCV/cppkafka/src/../include/cppkafka"/>
				</Compiler>
				<MakeCommands>
					<Build command="/usr/bin/gmake -f &quot;/home/linhdv/CLionProjects/TestOpenCV/cppkafka/examples/Makefile&quot;  VERBOSE=1 consumer-dispatcher"/>
					<CompileFile command="/usr/bin/gmake -f &quot;/home/linhdv/CLionProjects/TestOpenCV/cppkafka/examples/Makefile&quot;  VERBOSE=1 &quot;$file&quot;"/>
					<Clean command="/usr/bin/gmake -f &quot;/home/linhdv/CLionProjects/TestOpenCV/cppkafka/examples/Makefile&quot;  VERBOSE=1 clean"/>
					<DistClean command="/usr/bin/gmake -f &quot;/home/linhdv/CLionProjects/TestOpenCV/cppkafka/examples/Makefile&quot;  VERBOSE=1 clean"/>
				</MakeCommands>
			</Target>
			<Target title="consumer-dispatcher/fast">
				<Option output="/home/linhdv/CLionProjects/TestOpenCV/cppkafka/examples/consumer-dispatcher" prefix_auto="0" extension_auto="0"/>
				<Option working_dir="/home/linhdv/CLionProjects/TestOpenCV/cppkafka/examples"/>
				<Option object_output="./"/>
				<Option type="1"/>
				<Option compiler="gcc"/>
				<Compiler>
					<Add option="-DBOOST_ALL_NO_LIB"/>
					<Add option="-DBOOST_PROGRAM_OPTIONS_DYN_LINK"/>
					<Add directory="/usr/local/include/opencv4"/>
					<Add directory="/home/linhdv/CLionProjects/TestOpenCV/cppkafka/examples/../include"/>
					<Add directory="/home/linhdv/CLionProjects/TestOpenCV/cppkafka/src/../include/cppkafka"/>
				</Compiler>
				<MakeCommands>
					<Build command="/usr/bin/gmake -f &quot;/home/linhdv/CLionProjects/TestOpenCV/cppkafka/examples/Makefile&quot;  VERBOSE=1 consumer-dispatcher/fast"/>
					<CompileFile command="/usr/bin/gmake -f &quot;/home/linhdv/CLionProjects/TestOpenCV/cppkafka/examples/Makefile&quot;  VERBOSE=1 &quot;$file&quot;"/>
					<Clean command="/usr/bin/gmake -f &quot;/home/linhdv/CLionProjects/TestOpenCV/cppkafka/examples/Makefile&quot;  VERBOSE=1 clean"/>
					<DistClean command="/usr/bin/gmake -f &quot;/home/linhdv/CLionProjects/TestOpenCV/cppkafka/examples/Makefile&quot;  VERBOSE=1 clean"/>
				</MakeCommands>
			</Target>
			<Target title="metadata">
				<Option output="/home/linhdv/CLionProjects/TestOpenCV/cppkafka/examples/metadata" prefix_auto="0" extension_auto="0"/>
				<Option working_dir="/home/linhdv/CLionProjects/TestOpenCV/cppkafka/examples"/>
				<Option object_output="./"/>
				<Option type="1"/>
				<Option compiler="gcc"/>
				<Compiler>
					<Add option="-DBOOST_ALL_NO_LIB"/>
					<Add option="-DBOOST_PROGRAM_OPTIONS_DYN_LINK"/>
					<Add directory="/usr/local/include/opencv4"/>
					<Add directory="/home/linhdv/CLionProjects/TestOpenCV/cppkafka/examples/../include"/>
					<Add directory="/home/linhdv/CLionProjects/TestOpenCV/cppkafka/src/../include/cppkafka"/>
				</Compiler>
				<MakeCommands>
					<Build command="/usr/bin/gmake -f &quot;/home/linhdv/CLionProjects/TestOpenCV/cppkafka/examples/Makefile&quot;  VERBOSE=1 metadata"/>
					<CompileFile command="/usr/bin/gmake -f &quot;/home/linhdv/CLionProjects/TestOpenCV/cppkafka/examples/Makefile&quot;  VERBOSE=1 &quot;$file&quot;"/>
					<Clean command="/usr/bin/gmake -f &quot;/home/linhdv/CLionProjects/TestOpenCV/cppkafka/examples/Makefile&quot;  VERBOSE=1 clean"/>
					<DistClean command="/usr/bin/gmake -f &quot;/home/linhdv/CLionProjects/TestOpenCV/cppkafka/examples/Makefile&quot;  VERBOSE=1 clean"/>
				</MakeCommands>
			</Target>
			<Target title="metadata/fast">
				<Option output="/home/linhdv/CLionProjects/TestOpenCV/cppkafka/examples/metadata" prefix_auto="0" extension_auto="0"/>
				<Option working_dir="/home/linhdv/CLionProjects/TestOpenCV/cppkafka/examples"/>
				<Option object_output="./"/>
				<Option type="1"/>
				<Option compiler="gcc"/>
				<Compiler>
					<Add option="-DBOOST_ALL_NO_LIB"/>
					<Add option="-DBOOST_PROGRAM_OPTIONS_DYN_LINK"/>
					<Add directory="/usr/local/include/opencv4"/>
					<Add directory="/home/linhdv/CLionProjects/TestOpenCV/cppkafka/examples/../include"/>
					<Add directory="/home/linhdv/CLionProjects/TestOpenCV/cppkafka/src/../include/cppkafka"/>
				</Compiler>
				<MakeCommands>
					<Build command="/usr/bin/gmake -f &quot;/home/linhdv/CLionProjects/TestOpenCV/cppkafka/examples/Makefile&quot;  VERBOSE=1 metadata/fast"/>
					<CompileFile command="/usr/bin/gmake -f &quot;/home/linhdv/CLionProjects/TestOpenCV/cppkafka/examples/Makefile&quot;  VERBOSE=1 &quot;$file&quot;"/>
					<Clean command="/usr/bin/gmake -f &quot;/home/linhdv/CLionProjects/TestOpenCV/cppkafka/examples/Makefile&quot;  VERBOSE=1 clean"/>
					<DistClean command="/usr/bin/gmake -f &quot;/home/linhdv/CLionProjects/TestOpenCV/cppkafka/examples/Makefile&quot;  VERBOSE=1 clean"/>
				</MakeCommands>
			</Target>
			<Target title="consumers-information">
				<Option output="/home/linhdv/CLionProjects/TestOpenCV/cppkafka/examples/consumers-information" prefix_auto="0" extension_auto="0"/>
				<Option working_dir="/home/linhdv/CLionProjects/TestOpenCV/cppkafka/examples"/>
				<Option object_output="./"/>
				<Option type="1"/>
				<Option compiler="gcc"/>
				<Compiler>
					<Add option="-DBOOST_ALL_NO_LIB"/>
					<Add option="-DBOOST_PROGRAM_OPTIONS_DYN_LINK"/>
					<Add directory="/usr/local/include/opencv4"/>
					<Add directory="/home/linhdv/CLionProjects/TestOpenCV/cppkafka/examples/../include"/>
					<Add directory="/home/linhdv/CLionProjects/TestOpenCV/cppkafka/src/../include/cppkafka"/>
				</Compiler>
				<MakeCommands>
					<Build command="/usr/bin/gmake -f &quot;/home/linhdv/CLionProjects/TestOpenCV/cppkafka/examples/Makefile&quot;  VERBOSE=1 consumers-information"/>
					<CompileFile command="/usr/bin/gmake -f &quot;/home/linhdv/CLionProjects/TestOpenCV/cppkafka/examples/Makefile&quot;  VERBOSE=1 &quot;$file&quot;"/>
					<Clean command="/usr/bin/gmake -f &quot;/home/linhdv/CLionProjects/TestOpenCV/cppkafka/examples/Makefile&quot;  VERBOSE=1 clean"/>
					<DistClean command="/usr/bin/gmake -f &quot;/home/linhdv/CLionProjects/TestOpenCV/cppkafka/examples/Makefile&quot;  VERBOSE=1 clean"/>
				</MakeCommands>
			</Target>
			<Target title="consumers-information/fast">
				<Option output="/home/linhdv/CLionProjects/TestOpenCV/cppkafka/examples/consumers-information" prefix_auto="0" extension_auto="0"/>
				<Option working_dir="/home/linhdv/CLionProjects/TestOpenCV/cppkafka/examples"/>
				<Option object_output="./"/>
				<Option type="1"/>
				<Option compiler="gcc"/>
				<Compiler>
					<Add option="-DBOOST_ALL_NO_LIB"/>
					<Add option="-DBOOST_PROGRAM_OPTIONS_DYN_LINK"/>
					<Add directory="/usr/local/include/opencv4"/>
					<Add directory="/home/linhdv/CLionProjects/TestOpenCV/cppkafka/examples/../include"/>
					<Add directory="/home/linhdv/CLionProjects/TestOpenCV/cppkafka/src/../include/cppkafka"/>
				</Compiler>
				<MakeCommands>
					<Build command="/usr/bin/gmake -f &quot;/home/linhdv/CLionProjects/TestOpenCV/cppkafka/examples/Makefile&quot;  VERBOSE=1 consumers-information/fast"/>
					<CompileFile command="/usr/bin/gmake -f &quot;/home/linhdv/CLionProjects/TestOpenCV/cppkafka/examples/Makefile&quot;  VERBOSE=1 &quot;$file&quot;"/>
					<Clean command="/usr/bin/gmake -f &quot;/home/linhdv/CLionProjects/TestOpenCV/cppkafka/examples/Makefile&quot;  VERBOSE=1 clean"/>
					<DistClean command="/usr/bin/gmake -f &quot;/home/linhdv/CLionProjects/TestOpenCV/cppkafka/examples/Makefile&quot;  VERBOSE=1 clean"/>
				</MakeCommands>
			</Target>
		</Build>
		<Unit filename="/home/linhdv/CLionProjects/TestOpenCV/cppkafka/examples/buffered_producer_example.cpp">
			<Option target="buffered-producer"/>
		</Unit>
		<Unit filename="/home/linhdv/CLionProjects/TestOpenCV/cppkafka/examples/consumer_dispatcher_example.cpp">
			<Option target="consumer-dispatcher"/>
		</Unit>
		<Unit filename="/home/linhdv/CLionProjects/TestOpenCV/cppkafka/examples/consumer_example.cpp">
			<Option target="consumer"/>
		</Unit>
		<Unit filename="/home/linhdv/CLionProjects/TestOpenCV/cppkafka/examples/consumers_information_example.cpp">
			<Option target="consumers-information"/>
		</Unit>
		<Unit filename="/home/linhdv/CLionProjects/TestOpenCV/cppkafka/examples/metadata_example.cpp">
			<Option target="metadata"/>
		</Unit>
		<Unit filename="/home/linhdv/CLionProjects/TestOpenCV/cppkafka/examples/producer_example.cpp">
			<Option target="producer"/>
		</Unit>
		<Unit filename="/home/linhdv/CLionProjects/TestOpenCV/cppkafka/src/buffer.cpp">
			<Option target="cppkafka"/>
		</Unit>
		<Unit filename="/home/linhdv/CLionProjects/TestOpenCV/cppkafka/src/configuration.cpp">
			<Option target="cppkafka"/>
		</Unit>
		<Unit filename="/home/linhdv/CLionProjects/TestOpenCV/cppkafka/src/configuration_option.cpp">
			<Option target="cppkafka"/>
		</Unit>
		<Unit filename="/home/linhdv/CLionProjects/TestOpenCV/cppkafka/src/consumer.cpp">
			<Option target="cppkafka"/>
		</Unit>
		<Unit filename="/home/linhdv/CLionProjects/TestOpenCV/cppkafka/src/error.cpp">
			<Option target="cppkafka"/>
		</Unit>
		<Unit filename="/home/linhdv/CLionProjects/TestOpenCV/cppkafka/src/event.cpp">
			<Option target="cppkafka"/>
		</Unit>
		<Unit filename="/home/linhdv/CLionProjects/TestOpenCV/cppkafka/src/exceptions.cpp">
			<Option target="cppkafka"/>
		</Unit>
		<Unit filename="/home/linhdv/CLionProjects/TestOpenCV/cppkafka/src/group_information.cpp">
			<Option target="cppkafka"/>
		</Unit>
		<Unit filename="/home/linhdv/CLionProjects/TestOpenCV/cppkafka/src/kafka_handle_base.cpp">
			<Option target="cppkafka"/>
		</Unit>
		<Unit filename="/home/linhdv/CLionProjects/TestOpenCV/cppkafka/src/message.cpp">
			<Option target="cppkafka"/>
		</Unit>
		<Unit filename="/home/linhdv/CLionProjects/TestOpenCV/cppkafka/src/message_internal.cpp">
			<Option target="cppkafka"/>
		</Unit>
		<Unit filename="/home/linhdv/CLionProjects/TestOpenCV/cppkafka/src/message_timestamp.cpp">
			<Option target="cppkafka"/>
		</Unit>
		<Unit filename="/home/linhdv/CLionProjects/TestOpenCV/cppkafka/src/metadata.cpp">
			<Option target="cppkafka"/>
		</Unit>
		<Unit filename="/home/linhdv/CLionProjects/TestOpenCV/cppkafka/src/producer.cpp">
			<Option target="cppkafka"/>
		</Unit>
		<Unit filename="/home/linhdv/CLionProjects/TestOpenCV/cppkafka/src/queue.cpp">
			<Option target="cppkafka"/>
		</Unit>
		<Unit filename="/home/linhdv/CLionProjects/TestOpenCV/cppkafka/src/topic.cpp">
			<Option target="cppkafka"/>
		</Unit>
		<Unit filename="/home/linhdv/CLionProjects/TestOpenCV/cppkafka/src/topic_configuration.cpp">
			<Option target="cppkafka"/>
		</Unit>
		<Unit filename="/home/linhdv/CLionProjects/TestOpenCV/cppkafka/src/topic_partition.cpp">
			<Option target="cppkafka"/>
		</Unit>
		<Unit filename="/home/linhdv/CLionProjects/TestOpenCV/cppkafka/src/topic_partition_list.cpp">
			<Option target="cppkafka"/>
		</Unit>
		<Unit filename="/home/linhdv/CLionProjects/TestOpenCV/cppkafka/src/utils/backoff_committer.cpp">
			<Option target="cppkafka"/>
		</Unit>
		<Unit filename="/home/linhdv/CLionProjects/TestOpenCV/cppkafka/src/utils/backoff_performer.cpp">
			<Option target="cppkafka"/>
		</Unit>
		<Unit filename="/home/linhdv/CLionProjects/TestOpenCV/cppkafka/src/utils/poll_strategy_base.cpp">
			<Option target="cppkafka"/>
		</Unit>
		<Unit filename="/home/linhdv/CLionProjects/TestOpenCV/cppkafka/src/utils/roundrobin_poll_strategy.cpp">
			<Option target="cppkafka"/>
		</Unit>
		<Unit filename="/home/linhdv/CLionProjects/TestOpenCV/src/ApiConnection.cpp">
			<Option target="TestOpenCV"/>
		</Unit>
		<Unit filename="/home/linhdv/CLionProjects/TestOpenCV/src/ApiConnection.h">
			<Option target="TestOpenCV"/>
		</Unit>
		<Unit filename="/home/linhdv/CLionProjects/TestOpenCV/src/Headers.h">
			<Option target="TestOpenCV"/>
		</Unit>
		<Unit filename="/home/linhdv/CLionProjects/TestOpenCV/src/KafkaConnection.cpp">
			<Option target="TestOpenCV"/>
		</Unit>
		<Unit filename="/home/linhdv/CLionProjects/TestOpenCV/src/KafkaConnection.h">
			<Option target="TestOpenCV"/>
		</Unit>
		<Unit filename="/home/linhdv/CLionProjects/TestOpenCV/src/main.cpp">
			<Option target="TestOpenCV"/>
		</Unit>
		<Unit filename="/home/linhdv/CLionProjects/TestOpenCV/CMakeLists.txt">
			<Option virtualFolder="CMake Files\"/>
		</Unit>
		<Unit filename="/home/linhdv/CLionProjects/TestOpenCV/cppkafka/CMakeLists.txt">
			<Option virtualFolder="CMake Files\cppkafka\"/>
		</Unit>
		<Unit filename="/home/linhdv/CLionProjects/TestOpenCV/cppkafka/rdkafka_version_test.cpp">
			<Option virtualFolder="CMake Files\cppkafka\"/>
		</Unit>
		<Unit filename="/home/linhdv/CLionProjects/TestOpenCV/cppkafka/cmake/FindRdKafka.cmake">
			<Option virtualFolder="CMake Files\cppkafka\cmake\"/>
		</Unit>
		<Unit filename="/home/linhdv/CLionProjects/TestOpenCV/cppkafka/cmake/cmake_uninstall.cmake.in">
			<Option virtualFolder="CMake Files\cppkafka\cmake\"/>
		</Unit>
		<Unit filename="/home/linhdv/CLionProjects/TestOpenCV/cppkafka/cmake/config.cmake.in">
			<Option virtualFolder="CMake Files\cppkafka\cmake\"/>
		</Unit>
		<Unit filename="/home/linhdv/CLionProjects/TestOpenCV/cppkafka/cmake/cppkafka.h.in">
			<Option virtualFolder="CMake Files\cppkafka\cmake\"/>
		</Unit>
		<Unit filename="/home/linhdv/CLionProjects/TestOpenCV/cppkafka/cmake/cppkafka.pc.in">
			<Option virtualFolder="CMake Files\cppkafka\cmake\"/>
		</Unit>
		<Unit filename="/home/linhdv/CLionProjects/TestOpenCV/cppkafka/src/CMakeLists.txt">
			<Option virtualFolder="CMake Files\cppkafka\src\"/>
		</Unit>
		<Unit filename="/home/linhdv/CLionProjects/TestOpenCV/cppkafka/include/cppkafka/CMakeLists.txt">
			<Option virtualFolder="CMake Files\cppkafka\include\cppkafka\"/>
		</Unit>
		<Unit filename="/home/linhdv/CLionProjects/TestOpenCV/cppkafka/examples/CMakeLists.txt">
			<Option virtualFolder="CMake Files\cppkafka\examples\"/>
		</Unit>
		<Unit filename="/home/linhdv/CLionProjects/TestOpenCV/../../../../usr/lib/x86_64-linux-gnu/cmake/BoostDetectToolset-1.74.0.cmake">
			<Option virtualFolder="CMake Files\..\..\..\..\usr\lib\x86_64-linux-gnu\cmake\"/>
		</Unit>
		<Unit filename="/home/linhdv/CLionProjects/TestOpenCV/../../../../usr/lib/x86_64-linux-gnu/cmake/Boost-1.74.0/BoostConfig.cmake">
			<Option virtualFolder="CMake Files\..\..\..\..\usr\lib\x86_64-linux-gnu\cmake\Boost-1.74.0\"/>
		</Unit>
		<Unit filename="/home/linhdv/CLionProjects/TestOpenCV/../../../../usr/lib/x86_64-linux-gnu/cmake/Boost-1.74.0/BoostConfigVersion.cmake">
			<Option virtualFolder="CMake Files\..\..\..\..\usr\lib\x86_64-linux-gnu\cmake\Boost-1.74.0\"/>
		</Unit>
		<Unit filename="/home/linhdv/CLionProjects/TestOpenCV/../../../../usr/lib/x86_64-linux-gnu/cmake/boost_headers-1.74.0/boost_headers-config-version.cmake">
			<Option virtualFolder="CMake Files\..\..\..\..\usr\lib\x86_64-linux-gnu\cmake\boost_headers-1.74.0\"/>
		</Unit>
		<Unit filename="/home/linhdv/CLionProjects/TestOpenCV/../../../../usr/lib/x86_64-linux-gnu/cmake/boost_headers-1.74.0/boost_headers-config.cmake">
			<Option virtualFolder="CMake Files\..\..\..\..\usr\lib\x86_64-linux-gnu\cmake\boost_headers-1.74.0\"/>
		</Unit>
		<Unit filename="/home/linhdv/CLionProjects/TestOpenCV/../../../../usr/lib/x86_64-linux-gnu/cmake/boost_program_options-1.74.0/boost_program_options-config-version.cmake">
			<Option virtualFolder="CMake Files\..\..\..\..\usr\lib\x86_64-linux-gnu\cmake\boost_program_options-1.74.0\"/>
		</Unit>
		<Unit filename="/home/linhdv/CLionProjects/TestOpenCV/../../../../usr/lib/x86_64-linux-gnu/cmake/boost_program_options-1.74.0/boost_program_options-config.cmake">
			<Option virtualFolder="CMake Files\..\..\..\..\usr\lib\x86_64-linux-gnu\cmake\boost_program_options-1.74.0\"/>
		</Unit>
		<Unit filename="/home/linhdv/CLionProjects/TestOpenCV/../../../../usr/lib/x86_64-linux-gnu/cmake/boost_program_options-1.74.0/libboost_program_options-variant-shared.cmake">
			<Option virtualFolder="CMake Files\..\..\..\..\usr\lib\x86_64-linux-gnu\cmake\boost_program_options-1.74.0\"/>
		</Unit>
		<Unit filename="/home/linhdv/CLionProjects/TestOpenCV/../../../../usr/lib/x86_64-linux-gnu/cmake/boost_program_options-1.74.0/libboost_program_options-variant-static.cmake">
			<Option virtualFolder="CMake Files\..\..\..\..\usr\lib\x86_64-linux-gnu\cmake\boost_program_options-1.74.0\"/>
		</Unit>
		<Unit filename="/home/linhdv/CLionProjects/TestOpenCV/../../../../usr/local/lib/cmake/opencv4/OpenCVConfig-version.cmake">
			<Option virtualFolder="CMake Files\..\..\..\..\usr\local\lib\cmake\opencv4\"/>
		</Unit>
		<Unit filename="/home/linhdv/CLionProjects/TestOpenCV/../../../../usr/local/lib/cmake/opencv4/OpenCVConfig.cmake">
			<Option virtualFolder="CMake Files\..\..\..\..\usr\local\lib\cmake\opencv4\"/>
		</Unit>
		<Unit filename="/home/linhdv/CLionProjects/TestOpenCV/../../../../usr/local/lib/cmake/opencv4/OpenCVModules-release.cmake">
			<Option virtualFolder="CMake Files\..\..\..\..\usr\local\lib\cmake\opencv4\"/>
		</Unit>
		<Unit filename="/home/linhdv/CLionProjects/TestOpenCV/../../../../usr/local/lib/cmake/opencv4/OpenCVModules.cmake">
			<Option virtualFolder="CMake Files\..\..\..\..\usr\local\lib\cmake\opencv4\"/>
		</Unit>
	</Project>
</CodeBlocks_project_file>
